PODS:
  - Alamofire (4.7.1)
  - CountryPickerSwift (1.7)
  - CropViewController (2.3.6)
  - GTProgressBar (0.2.3)
  - Kingfisher (4.7.0)
  - MarqueeLabel/Swift (3.1.4)
  - SwiftyJSON (4.0.0)

DEPENDENCIES:
  - Alamofire (~> 4.4)
  - CountryPickerSwift (= 1.7)
  - CropViewController
  - GTProgressBar
  - Kingfisher (~> 4.0)
  - MarqueeLabel/Swift
  - SwiftyJSON

SPEC REPOS:
  https://github.com/CocoaPods/Specs.git:
    - Alamofire
    - CountryPickerSwift
    - CropViewController
    - GTProgressBar
    - Kingfisher
    - MarqueeLabel
    - SwiftyJSON

SPEC CHECKSUMS:
  Alamofire: 68d7d521118d49c615a8d2214d87cdf525599d30
  CountryPickerSwift: 316dbfea0b01560320526ef06c15536326549f77
  CropViewController: e6d4bd512d15a1709e9ddf71fe7d98ffd05dda0f
  GTProgressBar: ecfa9f2dfaca1b9b35811925f5bd53516ee591ae
  Kingfisher: da6b005aa96d37698e3e4f1ccfe96a5b9bbf27d6
  MarqueeLabel: bf768455fe88d427f71476ebb23f9092b660f40b
  SwiftyJSON: 070dabdcb1beb81b247c65ffa3a79dbbfb3b48aa

PODFILE CHECKSUM: 7c330bc0f79d886b47a87c71714ec9a279410cb8

COCOAPODS: 1.5.0
