// !$*UTF8*$!
{
	archiveVersion = 1;
	classes = {
	};
	objectVersion = 48;
	objects = {

/* Begin PBXBuildFile section */
		180FA0AE2089E61500B0F7CF /* FightStats.swift in Sources */ = {isa = PBXBuildFile; fileRef = 180FA0AD2089E61500B0F7CF /* FightStats.swift */; };
		181BBC49208DAB9A009E55CE /* GoogleService-Info.plist in Resources */ = {isa = PBXBuildFile; fileRef = 181BBC48208DAB99009E55CE /* GoogleService-Info.plist */; };
		18BE819020871688004EA970 /* Grandmasters.m in Sources */ = {isa = PBXBuildFile; fileRef = 18BE818F20871688004EA970 /* Grandmasters.m */; };
		18E70FB220905F7100F65CDD /* FightStatsCollectionViewCell.swift in Sources */ = {isa = PBXBuildFile; fileRef = 18E70FB120905F7100F65CDD /* FightStatsCollectionViewCell.swift */; };
		2D167228205B9731000297DE /* Dashboard.swift in Sources */ = {isa = PBXBuildFile; fileRef = 2D167227205B9731000297DE /* Dashboard.swift */; };
		2D1EA3F1206648E800B789B8 /* Arena.swift in Sources */ = {isa = PBXBuildFile; fileRef = 2D1EA3F0206648E800B789B8 /* Arena.swift */; };
		2D2DAAD120624F7B004CC2E3 /* LeaderBoard.swift in Sources */ = {isa = PBXBuildFile; fileRef = 2D2DAAD020624F7B004CC2E3 /* LeaderBoard.swift */; };
		2D2DAAD320624FBB004CC2E3 /* LeaderBoardTableCell.swift in Sources */ = {isa = PBXBuildFile; fileRef = 2D2DAAD220624FBB004CC2E3 /* LeaderBoardTableCell.swift */; };
		2D3D06892058F21F007A51D0 /* SignUp.swift in Sources */ = {isa = PBXBuildFile; fileRef = 2D3D06882058F21F007A51D0 /* SignUp.swift */; };
		2D6193232057DA7900D9EE49 /* AppDelegate.swift in Sources */ = {isa = PBXBuildFile; fileRef = 2D6193222057DA7900D9EE49 /* AppDelegate.swift */; };
		2D6193282057DA7900D9EE49 /* Main.storyboard in Resources */ = {isa = PBXBuildFile; fileRef = 2D6193262057DA7900D9EE49 /* Main.storyboard */; };
		2D61932A2057DA7900D9EE49 /* Assets.xcassets in Resources */ = {isa = PBXBuildFile; fileRef = 2D6193292057DA7900D9EE49 /* Assets.xcassets */; };
		2D61932D2057DA7900D9EE49 /* LaunchScreen.storyboard in Resources */ = {isa = PBXBuildFile; fileRef = 2D61932B2057DA7900D9EE49 /* LaunchScreen.storyboard */; };
		2D6193382057DA7A00D9EE49 /* GrandmastersTests.swift in Sources */ = {isa = PBXBuildFile; fileRef = 2D6193372057DA7A00D9EE49 /* GrandmastersTests.swift */; };
		2D6193432057DA7A00D9EE49 /* GrandmastersUITests.swift in Sources */ = {isa = PBXBuildFile; fileRef = 2D6193422057DA7A00D9EE49 /* GrandmastersUITests.swift */; };
		2D6193512057E70300D9EE49 /* SignIn.swift in Sources */ = {isa = PBXBuildFile; fileRef = 2D6193502057E70300D9EE49 /* SignIn.swift */; };
		2D6193562057E91800D9EE49 /* Constants.swift in Sources */ = {isa = PBXBuildFile; fileRef = 2D6193552057E91800D9EE49 /* Constants.swift */; };
		2D6193582057E92D00D9EE49 /* CustomFunctions.swift in Sources */ = {isa = PBXBuildFile; fileRef = 2D6193572057E92D00D9EE49 /* CustomFunctions.swift */; };
		2D61935E2057E94400D9EE49 /* SkranjiBold.ttf in Resources */ = {isa = PBXBuildFile; fileRef = 2D6193592057E94200D9EE49 /* SkranjiBold.ttf */; };
		2D61935F2057E94400D9EE49 /* ds-digi-webfont.ttf in Resources */ = {isa = PBXBuildFile; fileRef = 2D61935A2057E94200D9EE49 /* ds-digi-webfont.ttf */; };
		2D6193602057E94400D9EE49 /* app-sound.mp3 in Resources */ = {isa = PBXBuildFile; fileRef = 2D61935B2057E94300D9EE49 /* app-sound.mp3 */; };
		2D6193612057E94400D9EE49 /* healthpoint-sound.mp3 in Resources */ = {isa = PBXBuildFile; fileRef = 2D61935C2057E94400D9EE49 /* healthpoint-sound.mp3 */; };
		2D6193622057E94400D9EE49 /* SkranjiRegular.ttf in Resources */ = {isa = PBXBuildFile; fileRef = 2D61935D2057E94400D9EE49 /* SkranjiRegular.ttf */; };
		2D6269502063B04B008D92FD /* PlayersOnline.swift in Sources */ = {isa = PBXBuildFile; fileRef = 2D62694F2063B04A008D92FD /* PlayersOnline.swift */; };
		2D6269522063C566008D92FD /* PlayersOnlineCollectionCell.swift in Sources */ = {isa = PBXBuildFile; fileRef = 2D6269512063C566008D92FD /* PlayersOnlineCollectionCell.swift */; };
		2D77E3EB206A0E130020ADE8 /* Result.swift in Sources */ = {isa = PBXBuildFile; fileRef = 2D77E3EA206A0E130020ADE8 /* Result.swift */; };
		2D86C620206E3B140043961B /* TrainingRoom.swift in Sources */ = {isa = PBXBuildFile; fileRef = 2D86C61F206E3B140043961B /* TrainingRoom.swift */; };
		2DB5621A205D1D21008E9BA8 /* EditProfile.swift in Sources */ = {isa = PBXBuildFile; fileRef = 2DB56219205D1D21008E9BA8 /* EditProfile.swift */; };
		2DD0A576205BEEF2000AFD39 /* Profile.swift in Sources */ = {isa = PBXBuildFile; fileRef = 2DD0A575205BEEF2000AFD39 /* Profile.swift */; };
		2DDE2661205BCD7800AF0BCB /* Flags.xcassets in Resources */ = {isa = PBXBuildFile; fileRef = 2DDE2660205BCD7800AF0BCB /* Flags.xcassets */; };
		40C05AF1D25D71DD6F1E4CC0 /* Pods_Grandmasters.framework in Frameworks */ = {isa = PBXBuildFile; fileRef = 135026EACA91965342B56224 /* Pods_Grandmasters.framework */; };
		B5BA5F98848989043F888CC1 /* Pods_GrandmastersTests.framework in Frameworks */ = {isa = PBXBuildFile; fileRef = 6AB82593266DC81FC7BEBAAF /* Pods_GrandmastersTests.framework */; };
		BF89F269F0DBD31A81C0EE84 /* Pods_GrandmastersUITests.framework in Frameworks */ = {isa = PBXBuildFile; fileRef = 2FD72052F6128DEC7E884B5D /* Pods_GrandmastersUITests.framework */; };
/* End PBXBuildFile section */

/* Begin PBXContainerItemProxy section */
		2D6193342057DA7900D9EE49 /* PBXContainerItemProxy */ = {
			isa = PBXContainerItemProxy;
			containerPortal = 2D6193172057DA7800D9EE49 /* Project object */;
			proxyType = 1;
			remoteGlobalIDString = 2D61931E2057DA7900D9EE49;
			remoteInfo = Grandmasters;
		};
		2D61933F2057DA7A00D9EE49 /* PBXContainerItemProxy */ = {
			isa = PBXContainerItemProxy;
			containerPortal = 2D6193172057DA7800D9EE49 /* Project object */;
			proxyType = 1;
			remoteGlobalIDString = 2D61931E2057DA7900D9EE49;
			remoteInfo = Grandmasters;
		};
/* End PBXContainerItemProxy section */

/* Begin PBXFileReference section */
		09FEEDBDB6E8D3320DBBFBD6 /* Pods-GrandmastersUITests.release.xcconfig */ = {isa = PBXFileReference; includeInIndex = 1; lastKnownFileType = text.xcconfig; name = "Pods-GrandmastersUITests.release.xcconfig"; path = "Pods/Target Support Files/Pods-GrandmastersUITests/Pods-GrandmastersUITests.release.xcconfig"; sourceTree = "<group>"; };
		135026EACA91965342B56224 /* Pods_Grandmasters.framework */ = {isa = PBXFileReference; explicitFileType = wrapper.framework; includeInIndex = 0; path = Pods_Grandmasters.framework; sourceTree = BUILT_PRODUCTS_DIR; };
		180FA0AD2089E61500B0F7CF /* FightStats.swift */ = {isa = PBXFileReference; lastKnownFileType = sourcecode.swift; path = FightStats.swift; sourceTree = "<group>"; };
		181BBC48208DAB99009E55CE /* GoogleService-Info.plist */ = {isa = PBXFileReference; fileEncoding = 4; lastKnownFileType = text.plist.xml; path = "GoogleService-Info.plist"; sourceTree = "<group>"; };
		181BBC4A208DB51E009E55CE /* Grandmasters.entitlements */ = {isa = PBXFileReference; lastKnownFileType = text.plist.entitlements; path = Grandmasters.entitlements; sourceTree = "<group>"; };
		18BE818E20871687004EA970 /* Grandmasters-Bridging-Header.h */ = {isa = PBXFileReference; lastKnownFileType = sourcecode.c.h; path = "Grandmasters-Bridging-Header.h"; sourceTree = "<group>"; };
		18BE818F20871688004EA970 /* Grandmasters.m */ = {isa = PBXFileReference; lastKnownFileType = sourcecode.c.objc; path = Grandmasters.m; sourceTree = "<group>"; };
		18E70FB120905F7100F65CDD /* FightStatsCollectionViewCell.swift */ = {isa = PBXFileReference; lastKnownFileType = sourcecode.swift; path = FightStatsCollectionViewCell.swift; sourceTree = "<group>"; };
		2D167227205B9731000297DE /* Dashboard.swift */ = {isa = PBXFileReference; lastKnownFileType = sourcecode.swift; path = Dashboard.swift; sourceTree = "<group>"; };
		2D1EA3F0206648E800B789B8 /* Arena.swift */ = {isa = PBXFileReference; lastKnownFileType = sourcecode.swift; path = Arena.swift; sourceTree = "<group>"; };
		2D2DAAD020624F7B004CC2E3 /* LeaderBoard.swift */ = {isa = PBXFileReference; lastKnownFileType = sourcecode.swift; path = LeaderBoard.swift; sourceTree = "<group>"; };
		2D2DAAD220624FBB004CC2E3 /* LeaderBoardTableCell.swift */ = {isa = PBXFileReference; lastKnownFileType = sourcecode.swift; path = LeaderBoardTableCell.swift; sourceTree = "<group>"; };
		2D3D06882058F21F007A51D0 /* SignUp.swift */ = {isa = PBXFileReference; lastKnownFileType = sourcecode.swift; path = SignUp.swift; sourceTree = "<group>"; };
		2D61931F2057DA7900D9EE49 /* Grandmasters.app */ = {isa = PBXFileReference; explicitFileType = wrapper.application; includeInIndex = 0; path = Grandmasters.app; sourceTree = BUILT_PRODUCTS_DIR; };
		2D6193222057DA7900D9EE49 /* AppDelegate.swift */ = {isa = PBXFileReference; lastKnownFileType = sourcecode.swift; path = AppDelegate.swift; sourceTree = "<group>"; };
		2D6193272057DA7900D9EE49 /* Base */ = {isa = PBXFileReference; lastKnownFileType = file.storyboard; name = Base; path = Base.lproj/Main.storyboard; sourceTree = "<group>"; };
		2D6193292057DA7900D9EE49 /* Assets.xcassets */ = {isa = PBXFileReference; lastKnownFileType = folder.assetcatalog; path = Assets.xcassets; sourceTree = "<group>"; };
		2D61932C2057DA7900D9EE49 /* Base */ = {isa = PBXFileReference; lastKnownFileType = file.storyboard; name = Base; path = Base.lproj/LaunchScreen.storyboard; sourceTree = "<group>"; };
		2D61932E2057DA7900D9EE49 /* Info.plist */ = {isa = PBXFileReference; lastKnownFileType = text.plist.xml; path = Info.plist; sourceTree = "<group>"; };
		2D6193332057DA7900D9EE49 /* GrandmastersTests.xctest */ = {isa = PBXFileReference; explicitFileType = wrapper.cfbundle; includeInIndex = 0; path = GrandmastersTests.xctest; sourceTree = BUILT_PRODUCTS_DIR; };
		2D6193372057DA7A00D9EE49 /* GrandmastersTests.swift */ = {isa = PBXFileReference; lastKnownFileType = sourcecode.swift; path = GrandmastersTests.swift; sourceTree = "<group>"; };
		2D6193392057DA7A00D9EE49 /* Info.plist */ = {isa = PBXFileReference; lastKnownFileType = text.plist.xml; path = Info.plist; sourceTree = "<group>"; };
		2D61933E2057DA7A00D9EE49 /* GrandmastersUITests.xctest */ = {isa = PBXFileReference; explicitFileType = wrapper.cfbundle; includeInIndex = 0; path = GrandmastersUITests.xctest; sourceTree = BUILT_PRODUCTS_DIR; };
		2D6193422057DA7A00D9EE49 /* GrandmastersUITests.swift */ = {isa = PBXFileReference; lastKnownFileType = sourcecode.swift; path = GrandmastersUITests.swift; sourceTree = "<group>"; };
		2D6193442057DA7A00D9EE49 /* Info.plist */ = {isa = PBXFileReference; lastKnownFileType = text.plist.xml; path = Info.plist; sourceTree = "<group>"; };
		2D6193502057E70300D9EE49 /* SignIn.swift */ = {isa = PBXFileReference; lastKnownFileType = sourcecode.swift; path = SignIn.swift; sourceTree = "<group>"; };
		2D6193552057E91800D9EE49 /* Constants.swift */ = {isa = PBXFileReference; lastKnownFileType = sourcecode.swift; path = Constants.swift; sourceTree = "<group>"; };
		2D6193572057E92D00D9EE49 /* CustomFunctions.swift */ = {isa = PBXFileReference; lastKnownFileType = sourcecode.swift; path = CustomFunctions.swift; sourceTree = "<group>"; };
		2D6193592057E94200D9EE49 /* SkranjiBold.ttf */ = {isa = PBXFileReference; lastKnownFileType = file; path = SkranjiBold.ttf; sourceTree = "<group>"; };
		2D61935A2057E94200D9EE49 /* ds-digi-webfont.ttf */ = {isa = PBXFileReference; lastKnownFileType = file; path = "ds-digi-webfont.ttf"; sourceTree = "<group>"; };
		2D61935B2057E94300D9EE49 /* app-sound.mp3 */ = {isa = PBXFileReference; lastKnownFileType = audio.mp3; path = "app-sound.mp3"; sourceTree = "<group>"; };
		2D61935C2057E94400D9EE49 /* healthpoint-sound.mp3 */ = {isa = PBXFileReference; lastKnownFileType = audio.mp3; path = "healthpoint-sound.mp3"; sourceTree = "<group>"; };
		2D61935D2057E94400D9EE49 /* SkranjiRegular.ttf */ = {isa = PBXFileReference; lastKnownFileType = file; path = SkranjiRegular.ttf; sourceTree = "<group>"; };
		2D62694F2063B04A008D92FD /* PlayersOnline.swift */ = {isa = PBXFileReference; lastKnownFileType = sourcecode.swift; path = PlayersOnline.swift; sourceTree = "<group>"; };
		2D6269512063C566008D92FD /* PlayersOnlineCollectionCell.swift */ = {isa = PBXFileReference; lastKnownFileType = sourcecode.swift; path = PlayersOnlineCollectionCell.swift; sourceTree = "<group>"; };
		2D77E3EA206A0E130020ADE8 /* Result.swift */ = {isa = PBXFileReference; lastKnownFileType = sourcecode.swift; path = Result.swift; sourceTree = "<group>"; };
		2D86C61F206E3B140043961B /* TrainingRoom.swift */ = {isa = PBXFileReference; lastKnownFileType = sourcecode.swift; path = TrainingRoom.swift; sourceTree = "<group>"; };
		2DB56219205D1D21008E9BA8 /* EditProfile.swift */ = {isa = PBXFileReference; lastKnownFileType = sourcecode.swift; path = EditProfile.swift; sourceTree = "<group>"; };
		2DD0A575205BEEF2000AFD39 /* Profile.swift */ = {isa = PBXFileReference; lastKnownFileType = sourcecode.swift; path = Profile.swift; sourceTree = "<group>"; };
		2DDE2660205BCD7800AF0BCB /* Flags.xcassets */ = {isa = PBXFileReference; lastKnownFileType = folder.assetcatalog; path = Flags.xcassets; sourceTree = "<group>"; };
		2FD72052F6128DEC7E884B5D /* Pods_GrandmastersUITests.framework */ = {isa = PBXFileReference; explicitFileType = wrapper.framework; includeInIndex = 0; path = Pods_GrandmastersUITests.framework; sourceTree = BUILT_PRODUCTS_DIR; };
		6AB82593266DC81FC7BEBAAF /* Pods_GrandmastersTests.framework */ = {isa = PBXFileReference; explicitFileType = wrapper.framework; includeInIndex = 0; path = Pods_GrandmastersTests.framework; sourceTree = BUILT_PRODUCTS_DIR; };
		9C1EE31B51A5120C3BC3A710 /* Pods-GrandmastersUITests.debug.xcconfig */ = {isa = PBXFileReference; includeInIndex = 1; lastKnownFileType = text.xcconfig; name = "Pods-GrandmastersUITests.debug.xcconfig"; path = "Pods/Target Support Files/Pods-GrandmastersUITests/Pods-GrandmastersUITests.debug.xcconfig"; sourceTree = "<group>"; };
		A3FB2387C592FC52440F59D1 /* Pods-GrandmastersTests.release.xcconfig */ = {isa = PBXFileReference; includeInIndex = 1; lastKnownFileType = text.xcconfig; name = "Pods-GrandmastersTests.release.xcconfig"; path = "Pods/Target Support Files/Pods-GrandmastersTests/Pods-GrandmastersTests.release.xcconfig"; sourceTree = "<group>"; };
		B586A46102DD7E771474F1FB /* Pods-Grandmasters.debug.xcconfig */ = {isa = PBXFileReference; includeInIndex = 1; lastKnownFileType = text.xcconfig; name = "Pods-Grandmasters.debug.xcconfig"; path = "Pods/Target Support Files/Pods-Grandmasters/Pods-Grandmasters.debug.xcconfig"; sourceTree = "<group>"; };
		D899F91A32A603EE56252675 /* Pods-GrandmastersTests.debug.xcconfig */ = {isa = PBXFileReference; includeInIndex = 1; lastKnownFileType = text.xcconfig; name = "Pods-GrandmastersTests.debug.xcconfig"; path = "Pods/Target Support Files/Pods-GrandmastersTests/Pods-GrandmastersTests.debug.xcconfig"; sourceTree = "<group>"; };
		F623347DFEA8DA1A0FC10DF9 /* Pods-Grandmasters.release.xcconfig */ = {isa = PBXFileReference; includeInIndex = 1; lastKnownFileType = text.xcconfig; name = "Pods-Grandmasters.release.xcconfig"; path = "Pods/Target Support Files/Pods-Grandmasters/Pods-Grandmasters.release.xcconfig"; sourceTree = "<group>"; };
/* End PBXFileReference section */

/* Begin PBXFrameworksBuildPhase section */
		2D61931C2057DA7900D9EE49 /* Frameworks */ = {
			isa = PBXFrameworksBuildPhase;
			buildActionMask = 2147483647;
			files = (
				40C05AF1D25D71DD6F1E4CC0 /* Pods_Grandmasters.framework in Frameworks */,
			);
			runOnlyForDeploymentPostprocessing = 0;
		};
		2D6193302057DA7900D9EE49 /* Frameworks */ = {
			isa = PBXFrameworksBuildPhase;
			buildActionMask = 2147483647;
			files = (
				B5BA5F98848989043F888CC1 /* Pods_GrandmastersTests.framework in Frameworks */,
			);
			runOnlyForDeploymentPostprocessing = 0;
		};
		2D61933B2057DA7A00D9EE49 /* Frameworks */ = {
			isa = PBXFrameworksBuildPhase;
			buildActionMask = 2147483647;
			files = (
				BF89F269F0DBD31A81C0EE84 /* Pods_GrandmastersUITests.framework in Frameworks */,
			);
			runOnlyForDeploymentPostprocessing = 0;
		};
/* End PBXFrameworksBuildPhase section */

/* Begin PBXGroup section */
		11A9680C4680C3A269A080DC /* Pods */ = {
			isa = PBXGroup;
			children = (
				B586A46102DD7E771474F1FB /* Pods-Grandmasters.debug.xcconfig */,
				F623347DFEA8DA1A0FC10DF9 /* Pods-Grandmasters.release.xcconfig */,
				D899F91A32A603EE56252675 /* Pods-GrandmastersTests.debug.xcconfig */,
				A3FB2387C592FC52440F59D1 /* Pods-GrandmastersTests.release.xcconfig */,
				9C1EE31B51A5120C3BC3A710 /* Pods-GrandmastersUITests.debug.xcconfig */,
				09FEEDBDB6E8D3320DBBFBD6 /* Pods-GrandmastersUITests.release.xcconfig */,
			);
			name = Pods;
			sourceTree = "<group>";
		};
		2D6193162057DA7800D9EE49 = {
			isa = PBXGroup;
			children = (
				2D6193542057E8EB00D9EE49 /* CustomFiles */,
				2D6193522057E8D400D9EE49 /* Fonts */,
				2D6193212057DA7900D9EE49 /* Grandmasters */,
				2D6193362057DA7900D9EE49 /* GrandmastersTests */,
				2D6193412057DA7A00D9EE49 /* GrandmastersUITests */,
				2D6193202057DA7900D9EE49 /* Products */,
				11A9680C4680C3A269A080DC /* Pods */,
				910F6E19459C0234FACF78B4 /* Frameworks */,
			);
			sourceTree = "<group>";
		};
		2D6193202057DA7900D9EE49 /* Products */ = {
			isa = PBXGroup;
			children = (
				2D61931F2057DA7900D9EE49 /* Grandmasters.app */,
				2D6193332057DA7900D9EE49 /* GrandmastersTests.xctest */,
				2D61933E2057DA7A00D9EE49 /* GrandmastersUITests.xctest */,
			);
			name = Products;
			sourceTree = "<group>";
		};
		2D6193212057DA7900D9EE49 /* Grandmasters */ = {
			isa = PBXGroup;
			children = (
				181BBC4A208DB51E009E55CE /* Grandmasters.entitlements */,
				2D6193222057DA7900D9EE49 /* AppDelegate.swift */,
				2D6193502057E70300D9EE49 /* SignIn.swift */,
				2D3D06882058F21F007A51D0 /* SignUp.swift */,
				2D167227205B9731000297DE /* Dashboard.swift */,
				2DD0A575205BEEF2000AFD39 /* Profile.swift */,
				2DB56219205D1D21008E9BA8 /* EditProfile.swift */,
				2D2DAAD020624F7B004CC2E3 /* LeaderBoard.swift */,
				2D62694F2063B04A008D92FD /* PlayersOnline.swift */,
				2D6269512063C566008D92FD /* PlayersOnlineCollectionCell.swift */,
				2D2DAAD220624FBB004CC2E3 /* LeaderBoardTableCell.swift */,
				2D1EA3F0206648E800B789B8 /* Arena.swift */,
				2D77E3EA206A0E130020ADE8 /* Result.swift */,
				2D86C61F206E3B140043961B /* TrainingRoom.swift */,
				180FA0AD2089E61500B0F7CF /* FightStats.swift */,
				18E70FB120905F7100F65CDD /* FightStatsCollectionViewCell.swift */,
				2D6193262057DA7900D9EE49 /* Main.storyboard */,
				2D6193292057DA7900D9EE49 /* Assets.xcassets */,
				2DDE2660205BCD7800AF0BCB /* Flags.xcassets */,
				2D61932B2057DA7900D9EE49 /* LaunchScreen.storyboard */,
				2D61932E2057DA7900D9EE49 /* Info.plist */,
				181BBC48208DAB99009E55CE /* GoogleService-Info.plist */,
				18BE818F20871688004EA970 /* Grandmasters.m */,
				18BE818E20871687004EA970 /* Grandmasters-Bridging-Header.h */,
			);
			path = Grandmasters;
			sourceTree = "<group>";
		};
		2D6193362057DA7900D9EE49 /* GrandmastersTests */ = {
			isa = PBXGroup;
			children = (
				2D6193372057DA7A00D9EE49 /* GrandmastersTests.swift */,
				2D6193392057DA7A00D9EE49 /* Info.plist */,
			);
			path = GrandmastersTests;
			sourceTree = "<group>";
		};
		2D6193412057DA7A00D9EE49 /* GrandmastersUITests */ = {
			isa = PBXGroup;
			children = (
				2D6193422057DA7A00D9EE49 /* GrandmastersUITests.swift */,
				2D6193442057DA7A00D9EE49 /* Info.plist */,
			);
			path = GrandmastersUITests;
			sourceTree = "<group>";
		};
		2D6193522057E8D400D9EE49 /* Fonts */ = {
			isa = PBXGroup;
			children = (
				2D61935B2057E94300D9EE49 /* app-sound.mp3 */,
				2D61935A2057E94200D9EE49 /* ds-digi-webfont.ttf */,
				2D61935C2057E94400D9EE49 /* healthpoint-sound.mp3 */,
				2D6193592057E94200D9EE49 /* SkranjiBold.ttf */,
				2D61935D2057E94400D9EE49 /* SkranjiRegular.ttf */,
			);
			path = Fonts;
			sourceTree = "<group>";
		};
		2D6193542057E8EB00D9EE49 /* CustomFiles */ = {
			isa = PBXGroup;
			children = (
				2D6193552057E91800D9EE49 /* Constants.swift */,
				2D6193572057E92D00D9EE49 /* CustomFunctions.swift */,
			);
			path = CustomFiles;
			sourceTree = "<group>";
		};
		910F6E19459C0234FACF78B4 /* Frameworks */ = {
			isa = PBXGroup;
			children = (
				135026EACA91965342B56224 /* Pods_Grandmasters.framework */,
				6AB82593266DC81FC7BEBAAF /* Pods_GrandmastersTests.framework */,
				2FD72052F6128DEC7E884B5D /* Pods_GrandmastersUITests.framework */,
			);
			name = Frameworks;
			sourceTree = "<group>";
		};
/* End PBXGroup section */

/* Begin PBXNativeTarget section */
		2D61931E2057DA7900D9EE49 /* Grandmasters */ = {
			isa = PBXNativeTarget;
			buildConfigurationList = 2D6193472057DA7A00D9EE49 /* Build configuration list for PBXNativeTarget "Grandmasters" */;
			buildPhases = (
				A9328D8E117823F63BC20807 /* [CP] Check Pods Manifest.lock */,
				2D61931B2057DA7900D9EE49 /* Sources */,
				2D61931C2057DA7900D9EE49 /* Frameworks */,
				2D61931D2057DA7900D9EE49 /* Resources */,
				BDB6AB3297814F87F2159CA1 /* [CP] Embed Pods Frameworks */,
			);
			buildRules = (
			);
			dependencies = (
			);
			name = Grandmasters;
			productName = Grandmasters;
			productReference = 2D61931F2057DA7900D9EE49 /* Grandmasters.app */;
			productType = "com.apple.product-type.application";
		};
		2D6193322057DA7900D9EE49 /* GrandmastersTests */ = {
			isa = PBXNativeTarget;
			buildConfigurationList = 2D61934A2057DA7A00D9EE49 /* Build configuration list for PBXNativeTarget "GrandmastersTests" */;
			buildPhases = (
				F9286B0EF1F82A876498D5BD /* [CP] Check Pods Manifest.lock */,
				2D61932F2057DA7900D9EE49 /* Sources */,
				2D6193302057DA7900D9EE49 /* Frameworks */,
				2D6193312057DA7900D9EE49 /* Resources */,
			);
			buildRules = (
			);
			dependencies = (
				2D6193352057DA7900D9EE49 /* PBXTargetDependency */,
			);
			name = GrandmastersTests;
			productName = GrandmastersTests;
			productReference = 2D6193332057DA7900D9EE49 /* GrandmastersTests.xctest */;
			productType = "com.apple.product-type.bundle.unit-test";
		};
		2D61933D2057DA7A00D9EE49 /* GrandmastersUITests */ = {
			isa = PBXNativeTarget;
			buildConfigurationList = 2D61934D2057DA7A00D9EE49 /* Build configuration list for PBXNativeTarget "GrandmastersUITests" */;
			buildPhases = (
				2AEE4C0D041837BB1DE4DC5A /* [CP] Check Pods Manifest.lock */,
				2D61933A2057DA7A00D9EE49 /* Sources */,
				2D61933B2057DA7A00D9EE49 /* Frameworks */,
				2D61933C2057DA7A00D9EE49 /* Resources */,
			);
			buildRules = (
			);
			dependencies = (
				2D6193402057DA7A00D9EE49 /* PBXTargetDependency */,
			);
			name = GrandmastersUITests;
			productName = GrandmastersUITests;
			productReference = 2D61933E2057DA7A00D9EE49 /* GrandmastersUITests.xctest */;
			productType = "com.apple.product-type.bundle.ui-testing";
		};
/* End PBXNativeTarget section */

/* Begin PBXProject section */
		2D6193172057DA7800D9EE49 /* Project object */ = {
			isa = PBXProject;
			attributes = {
				LastSwiftUpdateCheck = 0920;
				LastUpgradeCheck = 0920;
				ORGANIZATIONNAME = "APPLE MAC MINI";
				TargetAttributes = {
					2D61931E2057DA7900D9EE49 = {
						CreatedOnToolsVersion = 9.2;
						LastSwiftMigration = 0930;
						ProvisioningStyle = Manual;
						SystemCapabilities = {
							com.apple.Push = {
								enabled = 1;
							};
						};
					};
					2D6193322057DA7900D9EE49 = {
						CreatedOnToolsVersion = 9.2;
						ProvisioningStyle = Automatic;
						TestTargetID = 2D61931E2057DA7900D9EE49;
					};
					2D61933D2057DA7A00D9EE49 = {
						CreatedOnToolsVersion = 9.2;
						ProvisioningStyle = Automatic;
						TestTargetID = 2D61931E2057DA7900D9EE49;
					};
				};
			};
			buildConfigurationList = 2D61931A2057DA7800D9EE49 /* Build configuration list for PBXProject "Grandmasters" */;
			compatibilityVersion = "Xcode 8.0";
			developmentRegion = en;
			hasScannedForEncodings = 0;
			knownRegions = (
				en,
				Base,
			);
			mainGroup = 2D6193162057DA7800D9EE49;
			productRefGroup = 2D6193202057DA7900D9EE49 /* Products */;
			projectDirPath = "";
			projectRoot = "";
			targets = (
				2D61931E2057DA7900D9EE49 /* Grandmasters */,
				2D6193322057DA7900D9EE49 /* GrandmastersTests */,
				2D61933D2057DA7A00D9EE49 /* GrandmastersUITests */,
			);
		};
/* End PBXProject section */

/* Begin PBXResourcesBuildPhase section */
		2D61931D2057DA7900D9EE49 /* Resources */ = {
			isa = PBXResourcesBuildPhase;
			buildActionMask = 2147483647;
			files = (
				2D6193602057E94400D9EE49 /* app-sound.mp3 in Resources */,
				2DDE2661205BCD7800AF0BCB /* Flags.xcassets in Resources */,
				2D61932D2057DA7900D9EE49 /* LaunchScreen.storyboard in Resources */,
				2D6193622057E94400D9EE49 /* SkranjiRegular.ttf in Resources */,
				2D61932A2057DA7900D9EE49 /* Assets.xcassets in Resources */,
				2D61935F2057E94400D9EE49 /* ds-digi-webfont.ttf in Resources */,
				2D61935E2057E94400D9EE49 /* SkranjiBold.ttf in Resources */,
				181BBC49208DAB9A009E55CE /* GoogleService-Info.plist in Resources */,
				2D6193282057DA7900D9EE49 /* Main.storyboard in Resources */,
				2D6193612057E94400D9EE49 /* healthpoint-sound.mp3 in Resources */,
			);
			runOnlyForDeploymentPostprocessing = 0;
		};
		2D6193312057DA7900D9EE49 /* Resources */ = {
			isa = PBXResourcesBuildPhase;
			buildActionMask = 2147483647;
			files = (
			);
			runOnlyForDeploymentPostprocessing = 0;
		};
		2D61933C2057DA7A00D9EE49 /* Resources */ = {
			isa = PBXResourcesBuildPhase;
			buildActionMask = 2147483647;
			files = (
			);
			runOnlyForDeploymentPostprocessing = 0;
		};
/* End PBXResourcesBuildPhase section */

/* Begin PBXShellScriptBuildPhase section */
		2AEE4C0D041837BB1DE4DC5A /* [CP] Check Pods Manifest.lock */ = {
			isa = PBXShellScriptBuildPhase;
			buildActionMask = 2147483647;
			files = (
			);
			inputPaths = (
				"${PODS_PODFILE_DIR_PATH}/Podfile.lock",
				"${PODS_ROOT}/Manifest.lock",
			);
			name = "[CP] Check Pods Manifest.lock";
			outputPaths = (
				"$(DERIVED_FILE_DIR)/Pods-GrandmastersUITests-checkManifestLockResult.txt",
			);
			runOnlyForDeploymentPostprocessing = 0;
			shellPath = /bin/sh;
			shellScript = "diff \"${PODS_PODFILE_DIR_PATH}/Podfile.lock\" \"${PODS_ROOT}/Manifest.lock\" > /dev/null\nif [ $? != 0 ] ; then\n    # print error to STDERR\n    echo \"error: The sandbox is not in sync with the Podfile.lock. Run 'pod install' or update your CocoaPods installation.\" >&2\n    exit 1\nfi\n# This output is used by Xcode 'outputs' to avoid re-running this script phase.\necho \"SUCCESS\" > \"${SCRIPT_OUTPUT_FILE_0}\"\n";
			showEnvVarsInLog = 0;
		};
		A9328D8E117823F63BC20807 /* [CP] Check Pods Manifest.lock */ = {
			isa = PBXShellScriptBuildPhase;
			buildActionMask = 2147483647;
			files = (
			);
			inputPaths = (
				"${PODS_PODFILE_DIR_PATH}/Podfile.lock",
				"${PODS_ROOT}/Manifest.lock",
			);
			name = "[CP] Check Pods Manifest.lock";
			outputPaths = (
				"$(DERIVED_FILE_DIR)/Pods-Grandmasters-checkManifestLockResult.txt",
			);
			runOnlyForDeploymentPostprocessing = 0;
			shellPath = /bin/sh;
			shellScript = "diff \"${PODS_PODFILE_DIR_PATH}/Podfile.lock\" \"${PODS_ROOT}/Manifest.lock\" > /dev/null\nif [ $? != 0 ] ; then\n    # print error to STDERR\n    echo \"error: The sandbox is not in sync with the Podfile.lock. Run 'pod install' or update your CocoaPods installation.\" >&2\n    exit 1\nfi\n# This output is used by Xcode 'outputs' to avoid re-running this script phase.\necho \"SUCCESS\" > \"${SCRIPT_OUTPUT_FILE_0}\"\n";
			showEnvVarsInLog = 0;
		};
		BDB6AB3297814F87F2159CA1 /* [CP] Embed Pods Frameworks */ = {
			isa = PBXShellScriptBuildPhase;
			buildActionMask = 2147483647;
			files = (
			);
			inputPaths = (
				"${SRCROOT}/Pods/Target Support Files/Pods-Grandmasters/Pods-Grandmasters-frameworks.sh",
				"${BUILT_PRODUCTS_DIR}/Alamofire/Alamofire.framework",
				"${BUILT_PRODUCTS_DIR}/Bolts/Bolts.framework",
				"${BUILT_PRODUCTS_DIR}/CountryPickerSwift/CountryPicker.framework",
				"${BUILT_PRODUCTS_DIR}/CropViewController/CropViewController.framework",
				"${BUILT_PRODUCTS_DIR}/FBSDKCoreKit/FBSDKCoreKit.framework",
				"${BUILT_PRODUCTS_DIR}/FBSDKLoginKit/FBSDKLoginKit.framework",
				"${BUILT_PRODUCTS_DIR}/FBSDKShareKit/FBSDKShareKit.framework",
				"${BUILT_PRODUCTS_DIR}/FacebookCore/FacebookCore.framework",
				"${BUILT_PRODUCTS_DIR}/FacebookLogin/FacebookLogin.framework",
				"${BUILT_PRODUCTS_DIR}/FacebookShare/FacebookShare.framework",
				"${BUILT_PRODUCTS_DIR}/GTProgressBar/GTProgressBar.framework",
				"${BUILT_PRODUCTS_DIR}/GoogleToolboxForMac/GoogleToolboxForMac.framework",
				"${BUILT_PRODUCTS_DIR}/Kingfisher/Kingfisher.framework",
				"${BUILT_PRODUCTS_DIR}/MBProgressHUD/MBProgressHUD.framework",
				"${BUILT_PRODUCTS_DIR}/MarqueeLabel/MarqueeLabel.framework",
				"${BUILT_PRODUCTS_DIR}/Protobuf/Protobuf.framework",
				"${BUILT_PRODUCTS_DIR}/SwiftyJSON/SwiftyJSON.framework",
				"${BUILT_PRODUCTS_DIR}/nanopb/nanopb.framework",
			);
			name = "[CP] Embed Pods Frameworks";
			outputPaths = (
				"${TARGET_BUILD_DIR}/${FRAMEWORKS_FOLDER_PATH}/Alamofire.framework",
				"${TARGET_BUILD_DIR}/${FRAMEWORKS_FOLDER_PATH}/Bolts.framework",
				"${TARGET_BUILD_DIR}/${FRAMEWORKS_FOLDER_PATH}/CountryPicker.framework",
				"${TARGET_BUILD_DIR}/${FRAMEWORKS_FOLDER_PATH}/CropViewController.framework",
				"${TARGET_BUILD_DIR}/${FRAMEWORKS_FOLDER_PATH}/FBSDKCoreKit.framework",
				"${TARGET_BUILD_DIR}/${FRAMEWORKS_FOLDER_PATH}/FBSDKLoginKit.framework",
				"${TARGET_BUILD_DIR}/${FRAMEWORKS_FOLDER_PATH}/FBSDKShareKit.framework",
				"${TARGET_BUILD_DIR}/${FRAMEWORKS_FOLDER_PATH}/FacebookCore.framework",
				"${TARGET_BUILD_DIR}/${FRAMEWORKS_FOLDER_PATH}/FacebookLogin.framework",
				"${TARGET_BUILD_DIR}/${FRAMEWORKS_FOLDER_PATH}/FacebookShare.framework",
				"${TARGET_BUILD_DIR}/${FRAMEWORKS_FOLDER_PATH}/GTProgressBar.framework",
				"${TARGET_BUILD_DIR}/${FRAMEWORKS_FOLDER_PATH}/GoogleToolboxForMac.framework",
				"${TARGET_BUILD_DIR}/${FRAMEWORKS_FOLDER_PATH}/Kingfisher.framework",
				"${TARGET_BUILD_DIR}/${FRAMEWORKS_FOLDER_PATH}/MBProgressHUD.framework",
				"${TARGET_BUILD_DIR}/${FRAMEWORKS_FOLDER_PATH}/MarqueeLabel.framework",
				"${TARGET_BUILD_DIR}/${FRAMEWORKS_FOLDER_PATH}/Protobuf.framework",
				"${TARGET_BUILD_DIR}/${FRAMEWORKS_FOLDER_PATH}/SwiftyJSON.framework",
				"${TARGET_BUILD_DIR}/${FRAMEWORKS_FOLDER_PATH}/nanopb.framework",
			);
			runOnlyForDeploymentPostprocessing = 0;
			shellPath = /bin/sh;
			shellScript = "\"${SRCROOT}/Pods/Target Support Files/Pods-Grandmasters/Pods-Grandmasters-frameworks.sh\"\n";
			showEnvVarsInLog = 0;
		};
		F9286B0EF1F82A876498D5BD /* [CP] Check Pods Manifest.lock */ = {
			isa = PBXShellScriptBuildPhase;
			buildActionMask = 2147483647;
			files = (
			);
			inputPaths = (
				"${PODS_PODFILE_DIR_PATH}/Podfile.lock",
				"${PODS_ROOT}/Manifest.lock",
			);
			name = "[CP] Check Pods Manifest.lock";
			outputPaths = (
				"$(DERIVED_FILE_DIR)/Pods-GrandmastersTests-checkManifestLockResult.txt",
			);
			runOnlyForDeploymentPostprocessing = 0;
			shellPath = /bin/sh;
			shellScript = "diff \"${PODS_PODFILE_DIR_PATH}/Podfile.lock\" \"${PODS_ROOT}/Manifest.lock\" > /dev/null\nif [ $? != 0 ] ; then\n    # print error to STDERR\n    echo \"error: The sandbox is not in sync with the Podfile.lock. Run 'pod install' or update your CocoaPods installation.\" >&2\n    exit 1\nfi\n# This output is used by Xcode 'outputs' to avoid re-running this script phase.\necho \"SUCCESS\" > \"${SCRIPT_OUTPUT_FILE_0}\"\n";
			showEnvVarsInLog = 0;
		};
/* End PBXShellScriptBuildPhase section */

/* Begin PBXSourcesBuildPhase section */
		2D61931B2057DA7900D9EE49 /* Sources */ = {
			isa = PBXSourcesBuildPhase;
			buildActionMask = 2147483647;
			files = (
				2D1EA3F1206648E800B789B8 /* Arena.swift in Sources */,
				180FA0AE2089E61500B0F7CF /* FightStats.swift in Sources */,
				2D6193582057E92D00D9EE49 /* CustomFunctions.swift in Sources */,
				18E70FB220905F7100F65CDD /* FightStatsCollectionViewCell.swift in Sources */,
				2D6193512057E70300D9EE49 /* SignIn.swift in Sources */,
				2D6193232057DA7900D9EE49 /* AppDelegate.swift in Sources */,
				18BE819020871688004EA970 /* Grandmasters.m in Sources */,
				2D86C620206E3B140043961B /* TrainingRoom.swift in Sources */,
				2D77E3EB206A0E130020ADE8 /* Result.swift in Sources */,
				2DB5621A205D1D21008E9BA8 /* EditProfile.swift in Sources */,
				2D2DAAD120624F7B004CC2E3 /* LeaderBoard.swift in Sources */,
				2DD0A576205BEEF2000AFD39 /* Profile.swift in Sources */,
				2D2DAAD320624FBB004CC2E3 /* LeaderBoardTableCell.swift in Sources */,
				2D6269522063C566008D92FD /* PlayersOnlineCollectionCell.swift in Sources */,
				2D6269502063B04B008D92FD /* PlayersOnline.swift in Sources */,
				2D6193562057E91800D9EE49 /* Constants.swift in Sources */,
				2D167228205B9731000297DE /* Dashboard.swift in Sources */,
				2D3D06892058F21F007A51D0 /* SignUp.swift in Sources */,
			);
			runOnlyForDeploymentPostprocessing = 0;
		};
		2D61932F2057DA7900D9EE49 /* Sources */ = {
			isa = PBXSourcesBuildPhase;
			buildActionMask = 2147483647;
			files = (
				2D6193382057DA7A00D9EE49 /* GrandmastersTests.swift in Sources */,
			);
			runOnlyForDeploymentPostprocessing = 0;
		};
		2D61933A2057DA7A00D9EE49 /* Sources */ = {
			isa = PBXSourcesBuildPhase;
			buildActionMask = 2147483647;
			files = (
				2D6193432057DA7A00D9EE49 /* GrandmastersUITests.swift in Sources */,
			);
			runOnlyForDeploymentPostprocessing = 0;
		};
/* End PBXSourcesBuildPhase section */

/* Begin PBXTargetDependency section */
		2D6193352057DA7900D9EE49 /* PBXTargetDependency */ = {
			isa = PBXTargetDependency;
			target = 2D61931E2057DA7900D9EE49 /* Grandmasters */;
			targetProxy = 2D6193342057DA7900D9EE49 /* PBXContainerItemProxy */;
		};
		2D6193402057DA7A00D9EE49 /* PBXTargetDependency */ = {
			isa = PBXTargetDependency;
			target = 2D61931E2057DA7900D9EE49 /* Grandmasters */;
			targetProxy = 2D61933F2057DA7A00D9EE49 /* PBXContainerItemProxy */;
		};
/* End PBXTargetDependency section */

/* Begin PBXVariantGroup section */
		2D6193262057DA7900D9EE49 /* Main.storyboard */ = {
			isa = PBXVariantGroup;
			children = (
				2D6193272057DA7900D9EE49 /* Base */,
			);
			name = Main.storyboard;
			sourceTree = "<group>";
		};
		2D61932B2057DA7900D9EE49 /* LaunchScreen.storyboard */ = {
			isa = PBXVariantGroup;
			children = (
				2D61932C2057DA7900D9EE49 /* Base */,
			);
			name = LaunchScreen.storyboard;
			sourceTree = "<group>";
		};
/* End PBXVariantGroup section */

/* Begin XCBuildConfiguration section */
		2D6193452057DA7A00D9EE49 /* Debug */ = {
			isa = XCBuildConfiguration;
			buildSettings = {
				ALWAYS_SEARCH_USER_PATHS = NO;
				CLANG_ANALYZER_NONNULL = YES;
				CLANG_ANALYZER_NUMBER_OBJECT_CONVERSION = YES_AGGRESSIVE;
				CLANG_CXX_LANGUAGE_STANDARD = "gnu++14";
				CLANG_CXX_LIBRARY = "libc++";
				CLANG_ENABLE_MODULES = YES;
				CLANG_ENABLE_OBJC_ARC = YES;
				CLANG_WARN_BLOCK_CAPTURE_AUTORELEASING = YES;
				CLANG_WARN_BOOL_CONVERSION = YES;
				CLANG_WARN_COMMA = YES;
				CLANG_WARN_CONSTANT_CONVERSION = YES;
				CLANG_WARN_DIRECT_OBJC_ISA_USAGE = YES_ERROR;
				CLANG_WARN_DOCUMENTATION_COMMENTS = YES;
				CLANG_WARN_EMPTY_BODY = YES;
				CLANG_WARN_ENUM_CONVERSION = YES;
				CLANG_WARN_INFINITE_RECURSION = YES;
				CLANG_WARN_INT_CONVERSION = YES;
				CLANG_WARN_NON_LITERAL_NULL_CONVERSION = YES;
				CLANG_WARN_OBJC_LITERAL_CONVERSION = YES;
				CLANG_WARN_OBJC_ROOT_CLASS = YES_ERROR;
				CLANG_WARN_RANGE_LOOP_ANALYSIS = YES;
				CLANG_WARN_STRICT_PROTOTYPES = YES;
				CLANG_WARN_SUSPICIOUS_MOVE = YES;
				CLANG_WARN_UNGUARDED_AVAILABILITY = YES_AGGRESSIVE;
				CLANG_WARN_UNREACHABLE_CODE = YES;
				CLANG_WARN__DUPLICATE_METHOD_MATCH = YES;
				CODE_SIGN_IDENTITY = "iPhone Developer";
				COPY_PHASE_STRIP = NO;
				DEBUG_INFORMATION_FORMAT = dwarf;
				ENABLE_STRICT_OBJC_MSGSEND = YES;
				ENABLE_TESTABILITY = YES;
				GCC_C_LANGUAGE_STANDARD = gnu11;
				GCC_DYNAMIC_NO_PIC = NO;
				GCC_NO_COMMON_BLOCKS = YES;
				GCC_OPTIMIZATION_LEVEL = 0;
				GCC_PREPROCESSOR_DEFINITIONS = (
					"DEBUG=1",
					"$(inherited)",
				);
				GCC_WARN_64_TO_32_BIT_CONVERSION = YES;
				GCC_WARN_ABOUT_RETURN_TYPE = YES_ERROR;
				GCC_WARN_UNDECLARED_SELECTOR = YES;
				GCC_WARN_UNINITIALIZED_AUTOS = YES_AGGRESSIVE;
				GCC_WARN_UNUSED_FUNCTION = YES;
				GCC_WARN_UNUSED_VARIABLE = YES;
				IPHONEOS_DEPLOYMENT_TARGET = 11.2;
				MTL_ENABLE_DEBUG_INFO = YES;
				ONLY_ACTIVE_ARCH = YES;
				SDKROOT = iphoneos;
				SWIFT_ACTIVE_COMPILATION_CONDITIONS = DEBUG;
				SWIFT_OPTIMIZATION_LEVEL = "-Onone";
			};
			name = Debug;
		};
		2D6193462057DA7A00D9EE49 /* Release */ = {
			isa = XCBuildConfiguration;
			buildSettings = {
				ALWAYS_SEARCH_USER_PATHS = NO;
				CLANG_ANALYZER_NONNULL = YES;
				CLANG_ANALYZER_NUMBER_OBJECT_CONVERSION = YES_AGGRESSIVE;
				CLANG_CXX_LANGUAGE_STANDARD = "gnu++14";
				CLANG_CXX_LIBRARY = "libc++";
				CLANG_ENABLE_MODULES = YES;
				CLANG_ENABLE_OBJC_ARC = YES;
				CLANG_WARN_BLOCK_CAPTURE_AUTORELEASING = YES;
				CLANG_WARN_BOOL_CONVERSION = YES;
				CLANG_WARN_COMMA = YES;
				CLANG_WARN_CONSTANT_CONVERSION = YES;
				CLANG_WARN_DIRECT_OBJC_ISA_USAGE = YES_ERROR;
				CLANG_WARN_DOCUMENTATION_COMMENTS = YES;
				CLANG_WARN_EMPTY_BODY = YES;
				CLANG_WARN_ENUM_CONVERSION = YES;
				CLANG_WARN_INFINITE_RECURSION = YES;
				CLANG_WARN_INT_CONVERSION = YES;
				CLANG_WARN_NON_LITERAL_NULL_CONVERSION = YES;
				CLANG_WARN_OBJC_LITERAL_CONVERSION = YES;
				CLANG_WARN_OBJC_ROOT_CLASS = YES_ERROR;
				CLANG_WARN_RANGE_LOOP_ANALYSIS = YES;
				CLANG_WARN_STRICT_PROTOTYPES = YES;
				CLANG_WARN_SUSPICIOUS_MOVE = YES;
				CLANG_WARN_UNGUARDED_AVAILABILITY = YES_AGGRESSIVE;
				CLANG_WARN_UNREACHABLE_CODE = YES;
				CLANG_WARN__DUPLICATE_METHOD_MATCH = YES;
				CODE_SIGN_IDENTITY = "iPhone Developer";
				COPY_PHASE_STRIP = NO;
				DEBUG_INFORMATION_FORMAT = "dwarf-with-dsym";
				ENABLE_NS_ASSERTIONS = NO;
				ENABLE_STRICT_OBJC_MSGSEND = YES;
				GCC_C_LANGUAGE_STANDARD = gnu11;
				GCC_NO_COMMON_BLOCKS = YES;
				GCC_WARN_64_TO_32_BIT_CONVERSION = YES;
				GCC_WARN_ABOUT_RETURN_TYPE = YES_ERROR;
				GCC_WARN_UNDECLARED_SELECTOR = YES;
				GCC_WARN_UNINITIALIZED_AUTOS = YES_AGGRESSIVE;
				GCC_WARN_UNUSED_FUNCTION = YES;
				GCC_WARN_UNUSED_VARIABLE = YES;
				IPHONEOS_DEPLOYMENT_TARGET = 11.2;
				MTL_ENABLE_DEBUG_INFO = NO;
				SDKROOT = iphoneos;
				SWIFT_OPTIMIZATION_LEVEL = "-Owholemodule";
				VALIDATE_PRODUCT = YES;
			};
			name = Release;
		};
		2D6193482057DA7A00D9EE49 /* Debug */ = {
			isa = XCBuildConfiguration;
			baseConfigurationReference = B586A46102DD7E771474F1FB /* Pods-Grandmasters.debug.xcconfig */;
			buildSettings = {
				ASSETCATALOG_COMPILER_APPICON_NAME = AppIcon;
				CLANG_ENABLE_MODULES = YES;
				CODE_SIGN_ENTITLEMENTS = Grandmasters/Grandmasters.entitlements;
				CODE_SIGN_IDENTITY = "iPhone Developer";
				CODE_SIGN_STYLE = Manual;
				DEVELOPMENT_TEAM = 3NWJFVU6RP;
				INFOPLIST_FILE = Grandmasters/Info.plist;
				IPHONEOS_DEPLOYMENT_TARGET = 10;
				LD_RUNPATH_SEARCH_PATHS = "$(inherited) @executable_path/Frameworks";
				PRODUCT_BUNDLE_IDENTIFIER = com.app.Grandmasters;
				PRODUCT_NAME = "$(TARGET_NAME)";
				PROVISIONING_PROFILE = "fa3f7025-7eb7-4806-a2f2-b45018f4d84f";
				PROVISIONING_PROFILE_SPECIFIER = Grandmasters_Development2;
				SWIFT_OBJC_BRIDGING_HEADER = "Grandmasters/Grandmasters-Bridging-Header.h";
				SWIFT_OPTIMIZATION_LEVEL = "-Onone";
				SWIFT_VERSION = 4.0;
				TARGETED_DEVICE_FAMILY = "1,2";
			};
			name = Debug;
		};
		2D6193492057DA7A00D9EE49 /* Release */ = {
			isa = XCBuildConfiguration;
			baseConfigurationReference = F623347DFEA8DA1A0FC10DF9 /* Pods-Grandmasters.release.xcconfig */;
			buildSettings = {
				ASSETCATALOG_COMPILER_APPICON_NAME = AppIcon;
				CLANG_ENABLE_MODULES = YES;
				CODE_SIGN_ENTITLEMENTS = Grandmasters/Grandmasters.entitlements;
				CODE_SIGN_IDENTITY = "iPhone Developer";
				CODE_SIGN_STYLE = Manual;
				DEVELOPMENT_TEAM = 3NWJFVU6RP;
				INFOPLIST_FILE = Grandmasters/Info.plist;
				IPHONEOS_DEPLOYMENT_TARGET = 10;
				LD_RUNPATH_SEARCH_PATHS = "$(inherited) @executable_path/Frameworks";
				PRODUCT_BUNDLE_IDENTIFIER = com.app.Grandmasters;
				PRODUCT_NAME = "$(TARGET_NAME)";
				PROVISIONING_PROFILE = "fa3f7025-7eb7-4806-a2f2-b45018f4d84f";
				PROVISIONING_PROFILE_SPECIFIER = Grandmasters_Development2;
				SWIFT_OBJC_BRIDGING_HEADER = "Grandmasters/Grandmasters-Bridging-Header.h";
				SWIFT_VERSION = 4.0;
				TARGETED_DEVICE_FAMILY = "1,2";
			};
			name = Release;
		};
		2D61934B2057DA7A00D9EE49 /* Debug */ = {
			isa = XCBuildConfiguration;
			baseConfigurationReference = D899F91A32A603EE56252675 /* Pods-GrandmastersTests.debug.xcconfig */;
			buildSettings = {
				ALWAYS_EMBED_SWIFT_STANDARD_LIBRARIES = YES;
				BUNDLE_LOADER = "$(TEST_HOST)";
				CODE_SIGN_STYLE = Automatic;
				DEVELOPMENT_TEAM = 3NWJFVU6RP;
				INFOPLIST_FILE = GrandmastersTests/Info.plist;
				LD_RUNPATH_SEARCH_PATHS = "$(inherited) @executable_path/Frameworks @loader_path/Frameworks";
				PRODUCT_BUNDLE_IDENTIFIER = com.app.GrandmastersTests;
				PRODUCT_NAME = "$(TARGET_NAME)";
				SWIFT_VERSION = 4.0;
				TARGETED_DEVICE_FAMILY = "1,2";
				TEST_HOST = "$(BUILT_PRODUCTS_DIR)/Grandmasters.app/Grandmasters";
			};
			name = Debug;
		};
		2D61934C2057DA7A00D9EE49 /* Release */ = {
			isa = XCBuildConfiguration;
			baseConfigurationReference = A3FB2387C592FC52440F59D1 /* Pods-GrandmastersTests.release.xcconfig */;
			buildSettings = {
				ALWAYS_EMBED_SWIFT_STANDARD_LIBRARIES = YES;
				BUNDLE_LOADER = "$(TEST_HOST)";
				CODE_SIGN_STYLE = Automatic;
				DEVELOPMENT_TEAM = 3NWJFVU6RP;
				INFOPLIST_FILE = GrandmastersTests/Info.plist;
				LD_RUNPATH_SEARCH_PATHS = "$(inherited) @executable_path/Frameworks @loader_path/Frameworks";
				PRODUCT_BUNDLE_IDENTIFIER = com.app.GrandmastersTests;
				PRODUCT_NAME = "$(TARGET_NAME)";
				SWIFT_VERSION = 4.0;
				TARGETED_DEVICE_FAMILY = "1,2";
				TEST_HOST = "$(BUILT_PRODUCTS_DIR)/Grandmasters.app/Grandmasters";
			};
			name = Release;
		};
		2D61934E2057DA7A00D9EE49 /* Debug */ = {
			isa = XCBuildConfiguration;
			baseConfigurationReference = 9C1EE31B51A5120C3BC3A710 /* Pods-GrandmastersUITests.debug.xcconfig */;
			buildSettings = {
				ALWAYS_EMBED_SWIFT_STANDARD_LIBRARIES = YES;
				CODE_SIGN_STYLE = Automatic;
				DEVELOPMENT_TEAM = 3NWJFVU6RP;
				INFOPLIST_FILE = GrandmastersUITests/Info.plist;
				LD_RUNPATH_SEARCH_PATHS = "$(inherited) @executable_path/Frameworks @loader_path/Frameworks";
				PRODUCT_BUNDLE_IDENTIFIER = com.app.GrandmastersUITests;
				PRODUCT_NAME = "$(TARGET_NAME)";
				SWIFT_VERSION = 4.0;
				TARGETED_DEVICE_FAMILY = "1,2";
				TEST_TARGET_NAME = Grandmasters;
			};
			name = Debug;
		};
		2D61934F2057DA7A00D9EE49 /* Release */ = {
			isa = XCBuildConfiguration;
			baseConfigurationReference = 09FEEDBDB6E8D3320DBBFBD6 /* Pods-GrandmastersUITests.release.xcconfig */;
			buildSettings = {
				ALWAYS_EMBED_SWIFT_STANDARD_LIBRARIES = YES;
				CODE_SIGN_STYLE = Automatic;
				DEVELOPMENT_TEAM = 3NWJFVU6RP;
				INFOPLIST_FILE = GrandmastersUITests/Info.plist;
				LD_RUNPATH_SEARCH_PATHS = "$(inherited) @executable_path/Frameworks @loader_path/Frameworks";
				PRODUCT_BUNDLE_IDENTIFIER = com.app.GrandmastersUITests;
				PRODUCT_NAME = "$(TARGET_NAME)";
				SWIFT_VERSION = 4.0;
				TARGETED_DEVICE_FAMILY = "1,2";
				TEST_TARGET_NAME = Grandmasters;
			};
			name = Release;
		};
/* End XCBuildConfiguration section */

/* Begin XCConfigurationList section */
		2D61931A2057DA7800D9EE49 /* Build configuration list for PBXProject "Grandmasters" */ = {
			isa = XCConfigurationList;
			buildConfigurations = (
				2D6193452057DA7A00D9EE49 /* Debug */,
				2D6193462057DA7A00D9EE49 /* Release */,
			);
			defaultConfigurationIsVisible = 0;
			defaultConfigurationName = Release;
		};
		2D6193472057DA7A00D9EE49 /* Build configuration list for PBXNativeTarget "Grandmasters" */ = {
			isa = XCConfigurationList;
			buildConfigurations = (
				2D6193482057DA7A00D9EE49 /* Debug */,
				2D6193492057DA7A00D9EE49 /* Release */,
			);
			defaultConfigurationIsVisible = 0;
			defaultConfigurationName = Release;
		};
		2D61934A2057DA7A00D9EE49 /* Build configuration list for PBXNativeTarget "GrandmastersTests" */ = {
			isa = XCConfigurationList;
			buildConfigurations = (
				2D61934B2057DA7A00D9EE49 /* Debug */,
				2D61934C2057DA7A00D9EE49 /* Release */,
			);
			defaultConfigurationIsVisible = 0;
			defaultConfigurationName = Release;
		};
		2D61934D2057DA7A00D9EE49 /* Build configuration list for PBXNativeTarget "GrandmastersUITests" */ = {
			isa = XCConfigurationList;
			buildConfigurations = (
				2D61934E2057DA7A00D9EE49 /* Debug */,
				2D61934F2057DA7A00D9EE49 /* Release */,
			);
			defaultConfigurationIsVisible = 0;
			defaultConfigurationName = Release;
		};
/* End XCConfigurationList section */
	};
	rootObject = 2D6193172057DA7800D9EE49 /* Project object */;
}
